// !$*UTF8*$!
{
	archiveVersion = 1;
	classes = {
	};
	objectVersion = 50;
	objects = {

/* Begin PBXBuildFile section */
		4455870B21FCD09600402136 /* AppDelegate.swift in Sources */ = {isa = PBXBuildFile; fileRef = 4455870A21FCD09600402136 /* AppDelegate.swift */; };
		4455870D21FCD09600402136 /* ViewController.swift in Sources */ = {isa = PBXBuildFile; fileRef = 4455870C21FCD09600402136 /* ViewController.swift */; };
		4455871021FCD09600402136 /* Main.storyboard in Resources */ = {isa = PBXBuildFile; fileRef = 4455870E21FCD09600402136 /* Main.storyboard */; };
		4455871221FCD09900402136 /* Assets.xcassets in Resources */ = {isa = PBXBuildFile; fileRef = 4455871121FCD09900402136 /* Assets.xcassets */; };
		4455871521FCD09900402136 /* LaunchScreen.storyboard in Resources */ = {isa = PBXBuildFile; fileRef = 4455871321FCD09900402136 /* LaunchScreen.storyboard */; };
		4455872021FCD09900402136 /* ImpulseAppTests.swift in Sources */ = {isa = PBXBuildFile; fileRef = 4455871F21FCD09900402136 /* ImpulseAppTests.swift */; };
		4455872B21FCD09900402136 /* ImpulseAppUITests.swift in Sources */ = {isa = PBXBuildFile; fileRef = 4455872A21FCD09900402136 /* ImpulseAppUITests.swift */; };
<<<<<<< HEAD
		4455873D21FCFFB900402136 /* UpcomingViewController.swift in Sources */ = {isa = PBXBuildFile; fileRef = 4455873C21FCFFB900402136 /* UpcomingViewController.swift */; };
		4455873F21FCFFCF00402136 /* ProfileViewController.swift in Sources */ = {isa = PBXBuildFile; fileRef = 4455873E21FCFFCF00402136 /* ProfileViewController.swift */; };
		4455874121FCFFDA00402136 /* CalendarViewController.swift in Sources */ = {isa = PBXBuildFile; fileRef = 4455874021FCFFDA00402136 /* CalendarViewController.swift */; };
=======
		F54412379587610B10C5AA2D /* libPods-ImpulseApp.a in Frameworks */ = {isa = PBXBuildFile; fileRef = 6CFD7112229CAF414134BB37 /* libPods-ImpulseApp.a */; };
>>>>>>> 0b8e6a240979f12db00faf6fb1c7172dd3e539f1
/* End PBXBuildFile section */

/* Begin PBXContainerItemProxy section */
		4455871C21FCD09900402136 /* PBXContainerItemProxy */ = {
			isa = PBXContainerItemProxy;
			containerPortal = 445586FF21FCD09600402136 /* Project object */;
			proxyType = 1;
			remoteGlobalIDString = 4455870621FCD09600402136;
			remoteInfo = ImpulseApp;
		};
		4455872721FCD09900402136 /* PBXContainerItemProxy */ = {
			isa = PBXContainerItemProxy;
			containerPortal = 445586FF21FCD09600402136 /* Project object */;
			proxyType = 1;
			remoteGlobalIDString = 4455870621FCD09600402136;
			remoteInfo = ImpulseApp;
		};
/* End PBXContainerItemProxy section */

/* Begin PBXFileReference section */
		30A0CFB6BE21409C70F28206 /* Pods-ImpulseApp.debug.xcconfig */ = {isa = PBXFileReference; includeInIndex = 1; lastKnownFileType = text.xcconfig; name = "Pods-ImpulseApp.debug.xcconfig"; path = "Pods/Target Support Files/Pods-ImpulseApp/Pods-ImpulseApp.debug.xcconfig"; sourceTree = "<group>"; };
		4455870721FCD09600402136 /* ImpulseApp.app */ = {isa = PBXFileReference; explicitFileType = wrapper.application; includeInIndex = 0; path = ImpulseApp.app; sourceTree = BUILT_PRODUCTS_DIR; };
		4455870A21FCD09600402136 /* AppDelegate.swift */ = {isa = PBXFileReference; lastKnownFileType = sourcecode.swift; path = AppDelegate.swift; sourceTree = "<group>"; };
		4455870C21FCD09600402136 /* ViewController.swift */ = {isa = PBXFileReference; lastKnownFileType = sourcecode.swift; path = ViewController.swift; sourceTree = "<group>"; };
		4455870F21FCD09600402136 /* Base */ = {isa = PBXFileReference; lastKnownFileType = file.storyboard; name = Base; path = Base.lproj/Main.storyboard; sourceTree = "<group>"; };
		4455871121FCD09900402136 /* Assets.xcassets */ = {isa = PBXFileReference; lastKnownFileType = folder.assetcatalog; path = Assets.xcassets; sourceTree = "<group>"; };
		4455871421FCD09900402136 /* Base */ = {isa = PBXFileReference; lastKnownFileType = file.storyboard; name = Base; path = Base.lproj/LaunchScreen.storyboard; sourceTree = "<group>"; };
		4455871621FCD09900402136 /* Info.plist */ = {isa = PBXFileReference; lastKnownFileType = text.plist.xml; path = Info.plist; sourceTree = "<group>"; };
		4455871B21FCD09900402136 /* ImpulseAppTests.xctest */ = {isa = PBXFileReference; explicitFileType = wrapper.cfbundle; includeInIndex = 0; path = ImpulseAppTests.xctest; sourceTree = BUILT_PRODUCTS_DIR; };
		4455871F21FCD09900402136 /* ImpulseAppTests.swift */ = {isa = PBXFileReference; lastKnownFileType = sourcecode.swift; path = ImpulseAppTests.swift; sourceTree = "<group>"; };
		4455872121FCD09900402136 /* Info.plist */ = {isa = PBXFileReference; lastKnownFileType = text.plist.xml; path = Info.plist; sourceTree = "<group>"; };
		4455872621FCD09900402136 /* ImpulseAppUITests.xctest */ = {isa = PBXFileReference; explicitFileType = wrapper.cfbundle; includeInIndex = 0; path = ImpulseAppUITests.xctest; sourceTree = BUILT_PRODUCTS_DIR; };
		4455872A21FCD09900402136 /* ImpulseAppUITests.swift */ = {isa = PBXFileReference; lastKnownFileType = sourcecode.swift; path = ImpulseAppUITests.swift; sourceTree = "<group>"; };
		4455872C21FCD09900402136 /* Info.plist */ = {isa = PBXFileReference; lastKnownFileType = text.plist.xml; path = Info.plist; sourceTree = "<group>"; };
		4455873821FCD19C00402136 /* ImpulseApp.entitlements */ = {isa = PBXFileReference; lastKnownFileType = text.plist.entitlements; path = ImpulseApp.entitlements; sourceTree = "<group>"; };
<<<<<<< HEAD
		4455873C21FCFFB900402136 /* UpcomingViewController.swift */ = {isa = PBXFileReference; lastKnownFileType = sourcecode.swift; path = UpcomingViewController.swift; sourceTree = "<group>"; };
		4455873E21FCFFCF00402136 /* ProfileViewController.swift */ = {isa = PBXFileReference; lastKnownFileType = sourcecode.swift; path = ProfileViewController.swift; sourceTree = "<group>"; };
		4455874021FCFFDA00402136 /* CalendarViewController.swift */ = {isa = PBXFileReference; lastKnownFileType = sourcecode.swift; path = CalendarViewController.swift; sourceTree = "<group>"; };
=======
		6CFD7112229CAF414134BB37 /* libPods-ImpulseApp.a */ = {isa = PBXFileReference; explicitFileType = archive.ar; includeInIndex = 0; path = "libPods-ImpulseApp.a"; sourceTree = BUILT_PRODUCTS_DIR; };
		956B46CE81D40DC7A3899FA6 /* Pods-ImpulseApp.release.xcconfig */ = {isa = PBXFileReference; includeInIndex = 1; lastKnownFileType = text.xcconfig; name = "Pods-ImpulseApp.release.xcconfig"; path = "Pods/Target Support Files/Pods-ImpulseApp/Pods-ImpulseApp.release.xcconfig"; sourceTree = "<group>"; };
>>>>>>> 0b8e6a240979f12db00faf6fb1c7172dd3e539f1
/* End PBXFileReference section */

/* Begin PBXFrameworksBuildPhase section */
		4455870421FCD09600402136 /* Frameworks */ = {
			isa = PBXFrameworksBuildPhase;
			buildActionMask = 2147483647;
			files = (
				F54412379587610B10C5AA2D /* libPods-ImpulseApp.a in Frameworks */,
			);
			runOnlyForDeploymentPostprocessing = 0;
		};
		4455871821FCD09900402136 /* Frameworks */ = {
			isa = PBXFrameworksBuildPhase;
			buildActionMask = 2147483647;
			files = (
			);
			runOnlyForDeploymentPostprocessing = 0;
		};
		4455872321FCD09900402136 /* Frameworks */ = {
			isa = PBXFrameworksBuildPhase;
			buildActionMask = 2147483647;
			files = (
			);
			runOnlyForDeploymentPostprocessing = 0;
		};
/* End PBXFrameworksBuildPhase section */

/* Begin PBXGroup section */
		3C00E6F7AF8D1D681DB47D41 /* Frameworks */ = {
			isa = PBXGroup;
			children = (
				6CFD7112229CAF414134BB37 /* libPods-ImpulseApp.a */,
			);
			name = Frameworks;
			sourceTree = "<group>";
		};
		445586FE21FCD09600402136 = {
			isa = PBXGroup;
			children = (
				4455870921FCD09600402136 /* ImpulseApp */,
				4455871E21FCD09900402136 /* ImpulseAppTests */,
				4455872921FCD09900402136 /* ImpulseAppUITests */,
				4455870821FCD09600402136 /* Products */,
				C83769AB2BCFBFEA5A2453EE /* Pods */,
				3C00E6F7AF8D1D681DB47D41 /* Frameworks */,
			);
			sourceTree = "<group>";
		};
		4455870821FCD09600402136 /* Products */ = {
			isa = PBXGroup;
			children = (
				4455870721FCD09600402136 /* ImpulseApp.app */,
				4455871B21FCD09900402136 /* ImpulseAppTests.xctest */,
				4455872621FCD09900402136 /* ImpulseAppUITests.xctest */,
			);
			name = Products;
			sourceTree = "<group>";
		};
		4455870921FCD09600402136 /* ImpulseApp */ = {
			isa = PBXGroup;
			children = (
				4455873821FCD19C00402136 /* ImpulseApp.entitlements */,
				4455873C21FCFFB900402136 /* UpcomingViewController.swift */,
				4455873E21FCFFCF00402136 /* ProfileViewController.swift */,
				4455874021FCFFDA00402136 /* CalendarViewController.swift */,
				4455870A21FCD09600402136 /* AppDelegate.swift */,
				4455870C21FCD09600402136 /* ViewController.swift */,
				4455870E21FCD09600402136 /* Main.storyboard */,
				4455871121FCD09900402136 /* Assets.xcassets */,
				4455871321FCD09900402136 /* LaunchScreen.storyboard */,
				4455871621FCD09900402136 /* Info.plist */,
			);
			path = ImpulseApp;
			sourceTree = "<group>";
		};
		4455871E21FCD09900402136 /* ImpulseAppTests */ = {
			isa = PBXGroup;
			children = (
				4455871F21FCD09900402136 /* ImpulseAppTests.swift */,
				4455872121FCD09900402136 /* Info.plist */,
			);
			path = ImpulseAppTests;
			sourceTree = "<group>";
		};
		4455872921FCD09900402136 /* ImpulseAppUITests */ = {
			isa = PBXGroup;
			children = (
				4455872A21FCD09900402136 /* ImpulseAppUITests.swift */,
				4455872C21FCD09900402136 /* Info.plist */,
			);
			path = ImpulseAppUITests;
			sourceTree = "<group>";
		};
		C83769AB2BCFBFEA5A2453EE /* Pods */ = {
			isa = PBXGroup;
			children = (
				30A0CFB6BE21409C70F28206 /* Pods-ImpulseApp.debug.xcconfig */,
				956B46CE81D40DC7A3899FA6 /* Pods-ImpulseApp.release.xcconfig */,
			);
			name = Pods;
			sourceTree = "<group>";
		};
/* End PBXGroup section */

/* Begin PBXNativeTarget section */
		4455870621FCD09600402136 /* ImpulseApp */ = {
			isa = PBXNativeTarget;
			buildConfigurationList = 4455872F21FCD09900402136 /* Build configuration list for PBXNativeTarget "ImpulseApp" */;
			buildPhases = (
				4810A0FC101A1926108D51C3 /* [CP] Check Pods Manifest.lock */,
				4455870321FCD09600402136 /* Sources */,
				4455870421FCD09600402136 /* Frameworks */,
				4455870521FCD09600402136 /* Resources */,
				A82702AD37E5A3CBFF51A113 /* [CP] Copy Pods Resources */,
			);
			buildRules = (
			);
			dependencies = (
			);
			name = ImpulseApp;
			productName = ImpulseApp;
			productReference = 4455870721FCD09600402136 /* ImpulseApp.app */;
			productType = "com.apple.product-type.application";
		};
		4455871A21FCD09900402136 /* ImpulseAppTests */ = {
			isa = PBXNativeTarget;
			buildConfigurationList = 4455873221FCD09900402136 /* Build configuration list for PBXNativeTarget "ImpulseAppTests" */;
			buildPhases = (
				4455871721FCD09900402136 /* Sources */,
				4455871821FCD09900402136 /* Frameworks */,
				4455871921FCD09900402136 /* Resources */,
			);
			buildRules = (
			);
			dependencies = (
				4455871D21FCD09900402136 /* PBXTargetDependency */,
			);
			name = ImpulseAppTests;
			productName = ImpulseAppTests;
			productReference = 4455871B21FCD09900402136 /* ImpulseAppTests.xctest */;
			productType = "com.apple.product-type.bundle.unit-test";
		};
		4455872521FCD09900402136 /* ImpulseAppUITests */ = {
			isa = PBXNativeTarget;
			buildConfigurationList = 4455873521FCD09900402136 /* Build configuration list for PBXNativeTarget "ImpulseAppUITests" */;
			buildPhases = (
				4455872221FCD09900402136 /* Sources */,
				4455872321FCD09900402136 /* Frameworks */,
				4455872421FCD09900402136 /* Resources */,
			);
			buildRules = (
			);
			dependencies = (
				4455872821FCD09900402136 /* PBXTargetDependency */,
			);
			name = ImpulseAppUITests;
			productName = ImpulseAppUITests;
			productReference = 4455872621FCD09900402136 /* ImpulseAppUITests.xctest */;
			productType = "com.apple.product-type.bundle.ui-testing";
		};
/* End PBXNativeTarget section */

/* Begin PBXProject section */
		445586FF21FCD09600402136 /* Project object */ = {
			isa = PBXProject;
			attributes = {
				LastSwiftUpdateCheck = 1010;
				LastUpgradeCheck = 1010;
				ORGANIZATIONNAME = "megan gessner";
				TargetAttributes = {
					4455870621FCD09600402136 = {
						CreatedOnToolsVersion = 10.1;
						SystemCapabilities = {
							com.apple.AutoFillCredentialProvider = {
								enabled = 0;
							};
							com.apple.Push = {
								enabled = 1;
							};
						};
					};
					4455871A21FCD09900402136 = {
						CreatedOnToolsVersion = 10.1;
						TestTargetID = 4455870621FCD09600402136;
					};
					4455872521FCD09900402136 = {
						CreatedOnToolsVersion = 10.1;
						TestTargetID = 4455870621FCD09600402136;
					};
				};
			};
			buildConfigurationList = 4455870221FCD09600402136 /* Build configuration list for PBXProject "ImpulseApp" */;
			compatibilityVersion = "Xcode 9.3";
			developmentRegion = en;
			hasScannedForEncodings = 0;
			knownRegions = (
				en,
				Base,
			);
			mainGroup = 445586FE21FCD09600402136;
			productRefGroup = 4455870821FCD09600402136 /* Products */;
			projectDirPath = "";
			projectRoot = "";
			targets = (
				4455870621FCD09600402136 /* ImpulseApp */,
				4455871A21FCD09900402136 /* ImpulseAppTests */,
				4455872521FCD09900402136 /* ImpulseAppUITests */,
			);
		};
/* End PBXProject section */

/* Begin PBXResourcesBuildPhase section */
		4455870521FCD09600402136 /* Resources */ = {
			isa = PBXResourcesBuildPhase;
			buildActionMask = 2147483647;
			files = (
				4455871521FCD09900402136 /* LaunchScreen.storyboard in Resources */,
				4455871221FCD09900402136 /* Assets.xcassets in Resources */,
				4455871021FCD09600402136 /* Main.storyboard in Resources */,
			);
			runOnlyForDeploymentPostprocessing = 0;
		};
		4455871921FCD09900402136 /* Resources */ = {
			isa = PBXResourcesBuildPhase;
			buildActionMask = 2147483647;
			files = (
			);
			runOnlyForDeploymentPostprocessing = 0;
		};
		4455872421FCD09900402136 /* Resources */ = {
			isa = PBXResourcesBuildPhase;
			buildActionMask = 2147483647;
			files = (
			);
			runOnlyForDeploymentPostprocessing = 0;
		};
/* End PBXResourcesBuildPhase section */

/* Begin PBXShellScriptBuildPhase section */
		4810A0FC101A1926108D51C3 /* [CP] Check Pods Manifest.lock */ = {
			isa = PBXShellScriptBuildPhase;
			buildActionMask = 2147483647;
			files = (
			);
			inputFileListPaths = (
			);
			inputPaths = (
				"${PODS_PODFILE_DIR_PATH}/Podfile.lock",
				"${PODS_ROOT}/Manifest.lock",
			);
			name = "[CP] Check Pods Manifest.lock";
			outputFileListPaths = (
			);
			outputPaths = (
				"$(DERIVED_FILE_DIR)/Pods-ImpulseApp-checkManifestLockResult.txt",
			);
			runOnlyForDeploymentPostprocessing = 0;
			shellPath = /bin/sh;
			shellScript = "diff \"${PODS_PODFILE_DIR_PATH}/Podfile.lock\" \"${PODS_ROOT}/Manifest.lock\" > /dev/null\nif [ $? != 0 ] ; then\n    # print error to STDERR\n    echo \"error: The sandbox is not in sync with the Podfile.lock. Run 'pod install' or update your CocoaPods installation.\" >&2\n    exit 1\nfi\n# This output is used by Xcode 'outputs' to avoid re-running this script phase.\necho \"SUCCESS\" > \"${SCRIPT_OUTPUT_FILE_0}\"\n";
			showEnvVarsInLog = 0;
		};
		A82702AD37E5A3CBFF51A113 /* [CP] Copy Pods Resources */ = {
			isa = PBXShellScriptBuildPhase;
			buildActionMask = 2147483647;
			files = (
			);
			inputFileListPaths = (
			);
			inputPaths = (
				"${SRCROOT}/Pods/Target Support Files/Pods-ImpulseApp/Pods-ImpulseApp-resources.sh",
				"${PODS_ROOT}/GoogleSignIn/Resources/GoogleSignIn.bundle",
			);
			name = "[CP] Copy Pods Resources";
			outputFileListPaths = (
			);
			outputPaths = (
				"${TARGET_BUILD_DIR}/${UNLOCALIZED_RESOURCES_FOLDER_PATH}/GoogleSignIn.bundle",
			);
			runOnlyForDeploymentPostprocessing = 0;
			shellPath = /bin/sh;
			shellScript = "\"${SRCROOT}/Pods/Target Support Files/Pods-ImpulseApp/Pods-ImpulseApp-resources.sh\"\n";
			showEnvVarsInLog = 0;
		};
/* End PBXShellScriptBuildPhase section */

/* Begin PBXSourcesBuildPhase section */
		4455870321FCD09600402136 /* Sources */ = {
			isa = PBXSourcesBuildPhase;
			buildActionMask = 2147483647;
			files = (
				4455874121FCFFDA00402136 /* CalendarViewController.swift in Sources */,
				4455873D21FCFFB900402136 /* UpcomingViewController.swift in Sources */,
				4455870D21FCD09600402136 /* ViewController.swift in Sources */,
				4455873F21FCFFCF00402136 /* ProfileViewController.swift in Sources */,
				4455870B21FCD09600402136 /* AppDelegate.swift in Sources */,
			);
			runOnlyForDeploymentPostprocessing = 0;
		};
		4455871721FCD09900402136 /* Sources */ = {
			isa = PBXSourcesBuildPhase;
			buildActionMask = 2147483647;
			files = (
				4455872021FCD09900402136 /* ImpulseAppTests.swift in Sources */,
			);
			runOnlyForDeploymentPostprocessing = 0;
		};
		4455872221FCD09900402136 /* Sources */ = {
			isa = PBXSourcesBuildPhase;
			buildActionMask = 2147483647;
			files = (
				4455872B21FCD09900402136 /* ImpulseAppUITests.swift in Sources */,
			);
			runOnlyForDeploymentPostprocessing = 0;
		};
/* End PBXSourcesBuildPhase section */

/* Begin PBXTargetDependency section */
		4455871D21FCD09900402136 /* PBXTargetDependency */ = {
			isa = PBXTargetDependency;
			target = 4455870621FCD09600402136 /* ImpulseApp */;
			targetProxy = 4455871C21FCD09900402136 /* PBXContainerItemProxy */;
		};
		4455872821FCD09900402136 /* PBXTargetDependency */ = {
			isa = PBXTargetDependency;
			target = 4455870621FCD09600402136 /* ImpulseApp */;
			targetProxy = 4455872721FCD09900402136 /* PBXContainerItemProxy */;
		};
/* End PBXTargetDependency section */

/* Begin PBXVariantGroup section */
		4455870E21FCD09600402136 /* Main.storyboard */ = {
			isa = PBXVariantGroup;
			children = (
				4455870F21FCD09600402136 /* Base */,
			);
			name = Main.storyboard;
			sourceTree = "<group>";
		};
		4455871321FCD09900402136 /* LaunchScreen.storyboard */ = {
			isa = PBXVariantGroup;
			children = (
				4455871421FCD09900402136 /* Base */,
			);
			name = LaunchScreen.storyboard;
			sourceTree = "<group>";
		};
/* End PBXVariantGroup section */

/* Begin XCBuildConfiguration section */
		4455872D21FCD09900402136 /* Debug */ = {
			isa = XCBuildConfiguration;
			buildSettings = {
				ALWAYS_SEARCH_USER_PATHS = NO;
				CLANG_ANALYZER_NONNULL = YES;
				CLANG_ANALYZER_NUMBER_OBJECT_CONVERSION = YES_AGGRESSIVE;
				CLANG_CXX_LANGUAGE_STANDARD = "gnu++14";
				CLANG_CXX_LIBRARY = "libc++";
				CLANG_ENABLE_MODULES = YES;
				CLANG_ENABLE_OBJC_ARC = YES;
				CLANG_ENABLE_OBJC_WEAK = YES;
				CLANG_WARN_BLOCK_CAPTURE_AUTORELEASING = YES;
				CLANG_WARN_BOOL_CONVERSION = YES;
				CLANG_WARN_COMMA = YES;
				CLANG_WARN_CONSTANT_CONVERSION = YES;
				CLANG_WARN_DEPRECATED_OBJC_IMPLEMENTATIONS = YES;
				CLANG_WARN_DIRECT_OBJC_ISA_USAGE = YES_ERROR;
				CLANG_WARN_DOCUMENTATION_COMMENTS = YES;
				CLANG_WARN_EMPTY_BODY = YES;
				CLANG_WARN_ENUM_CONVERSION = YES;
				CLANG_WARN_INFINITE_RECURSION = YES;
				CLANG_WARN_INT_CONVERSION = YES;
				CLANG_WARN_NON_LITERAL_NULL_CONVERSION = YES;
				CLANG_WARN_OBJC_IMPLICIT_RETAIN_SELF = YES;
				CLANG_WARN_OBJC_LITERAL_CONVERSION = YES;
				CLANG_WARN_OBJC_ROOT_CLASS = YES_ERROR;
				CLANG_WARN_RANGE_LOOP_ANALYSIS = YES;
				CLANG_WARN_STRICT_PROTOTYPES = YES;
				CLANG_WARN_SUSPICIOUS_MOVE = YES;
				CLANG_WARN_UNGUARDED_AVAILABILITY = YES_AGGRESSIVE;
				CLANG_WARN_UNREACHABLE_CODE = YES;
				CLANG_WARN__DUPLICATE_METHOD_MATCH = YES;
				CODE_SIGN_IDENTITY = "iPhone Developer";
				COPY_PHASE_STRIP = NO;
				DEBUG_INFORMATION_FORMAT = dwarf;
				ENABLE_STRICT_OBJC_MSGSEND = YES;
				ENABLE_TESTABILITY = YES;
				GCC_C_LANGUAGE_STANDARD = gnu11;
				GCC_DYNAMIC_NO_PIC = NO;
				GCC_NO_COMMON_BLOCKS = YES;
				GCC_OPTIMIZATION_LEVEL = 0;
				GCC_PREPROCESSOR_DEFINITIONS = (
					"DEBUG=1",
					"$(inherited)",
				);
				GCC_WARN_64_TO_32_BIT_CONVERSION = YES;
				GCC_WARN_ABOUT_RETURN_TYPE = YES_ERROR;
				GCC_WARN_UNDECLARED_SELECTOR = YES;
				GCC_WARN_UNINITIALIZED_AUTOS = YES_AGGRESSIVE;
				GCC_WARN_UNUSED_FUNCTION = YES;
				GCC_WARN_UNUSED_VARIABLE = YES;
				IPHONEOS_DEPLOYMENT_TARGET = 12.1;
				MTL_ENABLE_DEBUG_INFO = INCLUDE_SOURCE;
				MTL_FAST_MATH = YES;
				ONLY_ACTIVE_ARCH = YES;
				SDKROOT = iphoneos;
				SWIFT_ACTIVE_COMPILATION_CONDITIONS = DEBUG;
				SWIFT_OPTIMIZATION_LEVEL = "-Onone";
			};
			name = Debug;
		};
		4455872E21FCD09900402136 /* Release */ = {
			isa = XCBuildConfiguration;
			buildSettings = {
				ALWAYS_SEARCH_USER_PATHS = NO;
				CLANG_ANALYZER_NONNULL = YES;
				CLANG_ANALYZER_NUMBER_OBJECT_CONVERSION = YES_AGGRESSIVE;
				CLANG_CXX_LANGUAGE_STANDARD = "gnu++14";
				CLANG_CXX_LIBRARY = "libc++";
				CLANG_ENABLE_MODULES = YES;
				CLANG_ENABLE_OBJC_ARC = YES;
				CLANG_ENABLE_OBJC_WEAK = YES;
				CLANG_WARN_BLOCK_CAPTURE_AUTORELEASING = YES;
				CLANG_WARN_BOOL_CONVERSION = YES;
				CLANG_WARN_COMMA = YES;
				CLANG_WARN_CONSTANT_CONVERSION = YES;
				CLANG_WARN_DEPRECATED_OBJC_IMPLEMENTATIONS = YES;
				CLANG_WARN_DIRECT_OBJC_ISA_USAGE = YES_ERROR;
				CLANG_WARN_DOCUMENTATION_COMMENTS = YES;
				CLANG_WARN_EMPTY_BODY = YES;
				CLANG_WARN_ENUM_CONVERSION = YES;
				CLANG_WARN_INFINITE_RECURSION = YES;
				CLANG_WARN_INT_CONVERSION = YES;
				CLANG_WARN_NON_LITERAL_NULL_CONVERSION = YES;
				CLANG_WARN_OBJC_IMPLICIT_RETAIN_SELF = YES;
				CLANG_WARN_OBJC_LITERAL_CONVERSION = YES;
				CLANG_WARN_OBJC_ROOT_CLASS = YES_ERROR;
				CLANG_WARN_RANGE_LOOP_ANALYSIS = YES;
				CLANG_WARN_STRICT_PROTOTYPES = YES;
				CLANG_WARN_SUSPICIOUS_MOVE = YES;
				CLANG_WARN_UNGUARDED_AVAILABILITY = YES_AGGRESSIVE;
				CLANG_WARN_UNREACHABLE_CODE = YES;
				CLANG_WARN__DUPLICATE_METHOD_MATCH = YES;
				CODE_SIGN_IDENTITY = "iPhone Developer";
				COPY_PHASE_STRIP = NO;
				DEBUG_INFORMATION_FORMAT = "dwarf-with-dsym";
				ENABLE_NS_ASSERTIONS = NO;
				ENABLE_STRICT_OBJC_MSGSEND = YES;
				GCC_C_LANGUAGE_STANDARD = gnu11;
				GCC_NO_COMMON_BLOCKS = YES;
				GCC_WARN_64_TO_32_BIT_CONVERSION = YES;
				GCC_WARN_ABOUT_RETURN_TYPE = YES_ERROR;
				GCC_WARN_UNDECLARED_SELECTOR = YES;
				GCC_WARN_UNINITIALIZED_AUTOS = YES_AGGRESSIVE;
				GCC_WARN_UNUSED_FUNCTION = YES;
				GCC_WARN_UNUSED_VARIABLE = YES;
				IPHONEOS_DEPLOYMENT_TARGET = 12.1;
				MTL_ENABLE_DEBUG_INFO = NO;
				MTL_FAST_MATH = YES;
				SDKROOT = iphoneos;
				SWIFT_COMPILATION_MODE = wholemodule;
				SWIFT_OPTIMIZATION_LEVEL = "-O";
				VALIDATE_PRODUCT = YES;
			};
			name = Release;
		};
		4455873021FCD09900402136 /* Debug */ = {
			isa = XCBuildConfiguration;
			baseConfigurationReference = 30A0CFB6BE21409C70F28206 /* Pods-ImpulseApp.debug.xcconfig */;
			buildSettings = {
				ASSETCATALOG_COMPILER_APPICON_NAME = AppIcon;
				CODE_SIGN_ENTITLEMENTS = ImpulseApp/ImpulseApp.entitlements;
				CODE_SIGN_STYLE = Automatic;
				DEVELOPMENT_TEAM = "";
				INFOPLIST_FILE = ImpulseApp/Info.plist;
				LD_RUNPATH_SEARCH_PATHS = (
					"$(inherited)",
					"@executable_path/Frameworks",
				);
				PRODUCT_BUNDLE_IDENTIFIER = meg.ImpulseApp;
				PRODUCT_NAME = "$(TARGET_NAME)";
				SWIFT_VERSION = 4.2;
				TARGETED_DEVICE_FAMILY = "1,2";
			};
			name = Debug;
		};
		4455873121FCD09900402136 /* Release */ = {
			isa = XCBuildConfiguration;
			baseConfigurationReference = 956B46CE81D40DC7A3899FA6 /* Pods-ImpulseApp.release.xcconfig */;
			buildSettings = {
				ASSETCATALOG_COMPILER_APPICON_NAME = AppIcon;
				CODE_SIGN_ENTITLEMENTS = ImpulseApp/ImpulseApp.entitlements;
				CODE_SIGN_STYLE = Automatic;
				DEVELOPMENT_TEAM = "";
				INFOPLIST_FILE = ImpulseApp/Info.plist;
				LD_RUNPATH_SEARCH_PATHS = (
					"$(inherited)",
					"@executable_path/Frameworks",
				);
				PRODUCT_BUNDLE_IDENTIFIER = meg.ImpulseApp;
				PRODUCT_NAME = "$(TARGET_NAME)";
				SWIFT_VERSION = 4.2;
				TARGETED_DEVICE_FAMILY = "1,2";
			};
			name = Release;
		};
		4455873321FCD09900402136 /* Debug */ = {
			isa = XCBuildConfiguration;
			buildSettings = {
				ALWAYS_EMBED_SWIFT_STANDARD_LIBRARIES = YES;
				BUNDLE_LOADER = "$(TEST_HOST)";
				CODE_SIGN_STYLE = Automatic;
				INFOPLIST_FILE = ImpulseAppTests/Info.plist;
				LD_RUNPATH_SEARCH_PATHS = (
					"$(inherited)",
					"@executable_path/Frameworks",
					"@loader_path/Frameworks",
				);
				PRODUCT_BUNDLE_IDENTIFIER = meg.ImpulseAppTests;
				PRODUCT_NAME = "$(TARGET_NAME)";
				SWIFT_VERSION = 4.2;
				TARGETED_DEVICE_FAMILY = "1,2";
				TEST_HOST = "$(BUILT_PRODUCTS_DIR)/ImpulseApp.app/ImpulseApp";
			};
			name = Debug;
		};
		4455873421FCD09900402136 /* Release */ = {
			isa = XCBuildConfiguration;
			buildSettings = {
				ALWAYS_EMBED_SWIFT_STANDARD_LIBRARIES = YES;
				BUNDLE_LOADER = "$(TEST_HOST)";
				CODE_SIGN_STYLE = Automatic;
				INFOPLIST_FILE = ImpulseAppTests/Info.plist;
				LD_RUNPATH_SEARCH_PATHS = (
					"$(inherited)",
					"@executable_path/Frameworks",
					"@loader_path/Frameworks",
				);
				PRODUCT_BUNDLE_IDENTIFIER = meg.ImpulseAppTests;
				PRODUCT_NAME = "$(TARGET_NAME)";
				SWIFT_VERSION = 4.2;
				TARGETED_DEVICE_FAMILY = "1,2";
				TEST_HOST = "$(BUILT_PRODUCTS_DIR)/ImpulseApp.app/ImpulseApp";
			};
			name = Release;
		};
		4455873621FCD09900402136 /* Debug */ = {
			isa = XCBuildConfiguration;
			buildSettings = {
				ALWAYS_EMBED_SWIFT_STANDARD_LIBRARIES = YES;
				CODE_SIGN_STYLE = Automatic;
				INFOPLIST_FILE = ImpulseAppUITests/Info.plist;
				LD_RUNPATH_SEARCH_PATHS = (
					"$(inherited)",
					"@executable_path/Frameworks",
					"@loader_path/Frameworks",
				);
				PRODUCT_BUNDLE_IDENTIFIER = meg.ImpulseAppUITests;
				PRODUCT_NAME = "$(TARGET_NAME)";
				SWIFT_VERSION = 4.2;
				TARGETED_DEVICE_FAMILY = "1,2";
				TEST_TARGET_NAME = ImpulseApp;
			};
			name = Debug;
		};
		4455873721FCD09900402136 /* Release */ = {
			isa = XCBuildConfiguration;
			buildSettings = {
				ALWAYS_EMBED_SWIFT_STANDARD_LIBRARIES = YES;
				CODE_SIGN_STYLE = Automatic;
				INFOPLIST_FILE = ImpulseAppUITests/Info.plist;
				LD_RUNPATH_SEARCH_PATHS = (
					"$(inherited)",
					"@executable_path/Frameworks",
					"@loader_path/Frameworks",
				);
				PRODUCT_BUNDLE_IDENTIFIER = meg.ImpulseAppUITests;
				PRODUCT_NAME = "$(TARGET_NAME)";
				SWIFT_VERSION = 4.2;
				TARGETED_DEVICE_FAMILY = "1,2";
				TEST_TARGET_NAME = ImpulseApp;
			};
			name = Release;
		};
/* End XCBuildConfiguration section */

/* Begin XCConfigurationList section */
		4455870221FCD09600402136 /* Build configuration list for PBXProject "ImpulseApp" */ = {
			isa = XCConfigurationList;
			buildConfigurations = (
				4455872D21FCD09900402136 /* Debug */,
				4455872E21FCD09900402136 /* Release */,
			);
			defaultConfigurationIsVisible = 0;
			defaultConfigurationName = Release;
		};
		4455872F21FCD09900402136 /* Build configuration list for PBXNativeTarget "ImpulseApp" */ = {
			isa = XCConfigurationList;
			buildConfigurations = (
				4455873021FCD09900402136 /* Debug */,
				4455873121FCD09900402136 /* Release */,
			);
			defaultConfigurationIsVisible = 0;
			defaultConfigurationName = Release;
		};
		4455873221FCD09900402136 /* Build configuration list for PBXNativeTarget "ImpulseAppTests" */ = {
			isa = XCConfigurationList;
			buildConfigurations = (
				4455873321FCD09900402136 /* Debug */,
				4455873421FCD09900402136 /* Release */,
			);
			defaultConfigurationIsVisible = 0;
			defaultConfigurationName = Release;
		};
		4455873521FCD09900402136 /* Build configuration list for PBXNativeTarget "ImpulseAppUITests" */ = {
			isa = XCConfigurationList;
			buildConfigurations = (
				4455873621FCD09900402136 /* Debug */,
				4455873721FCD09900402136 /* Release */,
			);
			defaultConfigurationIsVisible = 0;
			defaultConfigurationName = Release;
		};
/* End XCConfigurationList section */
	};
	rootObject = 445586FF21FCD09600402136 /* Project object */;
}
